{
  "originHash" : "3d7a082c4cbceb4b8394fb32a9418c4aaad37ff335a418db0ac72327a53edc79",
  "pins" : [
    {
      "identity" : "switchboard-sdk-ios",
      "kind" : "remoteSourceControl",
      "location" : "https://github.com/switchboard-sdk/switchboard-sdk-ios",
      "state" : {
        "revision" : "f994dd195c6c42a59a25cd5ab24d68c4cb6f32f3",
        "version" : "2.0.0"
      }
    }
  ],
  "version" : 3
}
